// !$*UTF8*$!
{
	archiveVersion = 1;
	classes = {
	};
	objectVersion = 50;
	objects = {

/* Begin PBXBuildFile section */
		AE69C34B25F6A25F00C60CA9 /* AppDelegate.swift in Sources */ = {isa = PBXBuildFile; fileRef = AE69C34A25F6A25F00C60CA9 /* AppDelegate.swift */; };
		AE69C34D25F6A25F00C60CA9 /* SceneDelegate.swift in Sources */ = {isa = PBXBuildFile; fileRef = AE69C34C25F6A25F00C60CA9 /* SceneDelegate.swift */; };
		AE69C35225F6A25F00C60CA9 /* Main.storyboard in Resources */ = {isa = PBXBuildFile; fileRef = AE69C35025F6A25F00C60CA9 /* Main.storyboard */; };
		AE69C35425F6A26000C60CA9 /* Assets.xcassets in Resources */ = {isa = PBXBuildFile; fileRef = AE69C35325F6A26000C60CA9 /* Assets.xcassets */; };
		AE69C35725F6A26000C60CA9 /* LaunchScreen.storyboard in Resources */ = {isa = PBXBuildFile; fileRef = AE69C35525F6A26000C60CA9 /* LaunchScreen.storyboard */; };
		AE69C36825F6A30400C60CA9 /* CouncilFlowCoordinator.swift in Sources */ = {isa = PBXBuildFile; fileRef = AE69C36725F6A30400C60CA9 /* CouncilFlowCoordinator.swift */; };
		AE69C37025F6A5F700C60CA9 /* CouncilListViewController.swift in Sources */ = {isa = PBXBuildFile; fileRef = AE69C36F25F6A5F700C60CA9 /* CouncilListViewController.swift */; };
		AE69C37525F6A68D00C60CA9 /* CouncilService.swift in Sources */ = {isa = PBXBuildFile; fileRef = AE69C37425F6A68D00C60CA9 /* CouncilService.swift */; };
		AE69C37825F6A69500C60CA9 /* CouncilMember.swift in Sources */ = {isa = PBXBuildFile; fileRef = AE69C37725F6A69500C60CA9 /* CouncilMember.swift */; };
		AE69C37B25F6A8B600C60CA9 /* CouncilMemberDetails.swift in Sources */ = {isa = PBXBuildFile; fileRef = AE69C37A25F6A8B600C60CA9 /* CouncilMemberDetails.swift */; };
		AE69C37F25F6A97300C60CA9 /* MockCouncilService.swift in Sources */ = {isa = PBXBuildFile; fileRef = AE69C37E25F6A97300C60CA9 /* MockCouncilService.swift */; };
		AE92DC9025F6AC4600326E89 /* CouncilMemberCell.swift in Sources */ = {isa = PBXBuildFile; fileRef = AE92DC8F25F6AC4600326E89 /* CouncilMemberCell.swift */; };
		AE92DC9325F6B21200326E89 /* CouncilMemberViewController.swift in Sources */ = {isa = PBXBuildFile; fileRef = AE92DC9225F6B21200326E89 /* CouncilMemberViewController.swift */; };
/* End PBXBuildFile section */

/* Begin PBXFileReference section */
		AE69C34725F6A25F00C60CA9 /* Jedi Council.app */ = {isa = PBXFileReference; explicitFileType = wrapper.application; includeInIndex = 0; path = "Jedi Council.app"; sourceTree = BUILT_PRODUCTS_DIR; };
		AE69C34A25F6A25F00C60CA9 /* AppDelegate.swift */ = {isa = PBXFileReference; lastKnownFileType = sourcecode.swift; path = AppDelegate.swift; sourceTree = "<group>"; };
		AE69C34C25F6A25F00C60CA9 /* SceneDelegate.swift */ = {isa = PBXFileReference; lastKnownFileType = sourcecode.swift; path = SceneDelegate.swift; sourceTree = "<group>"; };
		AE69C35125F6A25F00C60CA9 /* Base */ = {isa = PBXFileReference; lastKnownFileType = file.storyboard; name = Base; path = Base.lproj/Main.storyboard; sourceTree = "<group>"; };
		AE69C35325F6A26000C60CA9 /* Assets.xcassets */ = {isa = PBXFileReference; lastKnownFileType = folder.assetcatalog; path = Assets.xcassets; sourceTree = "<group>"; };
		AE69C35625F6A26000C60CA9 /* Base */ = {isa = PBXFileReference; lastKnownFileType = file.storyboard; name = Base; path = Base.lproj/LaunchScreen.storyboard; sourceTree = "<group>"; };
		AE69C35825F6A26000C60CA9 /* Info.plist */ = {isa = PBXFileReference; lastKnownFileType = text.plist.xml; path = Info.plist; sourceTree = "<group>"; };
		AE69C36725F6A30400C60CA9 /* CouncilFlowCoordinator.swift */ = {isa = PBXFileReference; lastKnownFileType = sourcecode.swift; path = CouncilFlowCoordinator.swift; sourceTree = "<group>"; };
		AE69C36F25F6A5F700C60CA9 /* CouncilListViewController.swift */ = {isa = PBXFileReference; lastKnownFileType = sourcecode.swift; path = CouncilListViewController.swift; sourceTree = "<group>"; };
		AE69C37425F6A68D00C60CA9 /* CouncilService.swift */ = {isa = PBXFileReference; lastKnownFileType = sourcecode.swift; path = CouncilService.swift; sourceTree = "<group>"; };
		AE69C37725F6A69500C60CA9 /* CouncilMember.swift */ = {isa = PBXFileReference; lastKnownFileType = sourcecode.swift; path = CouncilMember.swift; sourceTree = "<group>"; };
		AE69C37A25F6A8B600C60CA9 /* CouncilMemberDetails.swift */ = {isa = PBXFileReference; lastKnownFileType = sourcecode.swift; path = CouncilMemberDetails.swift; sourceTree = "<group>"; };
		AE69C37E25F6A97300C60CA9 /* MockCouncilService.swift */ = {isa = PBXFileReference; lastKnownFileType = sourcecode.swift; path = MockCouncilService.swift; sourceTree = "<group>"; };
		AE92DC8F25F6AC4600326E89 /* CouncilMemberCell.swift */ = {isa = PBXFileReference; lastKnownFileType = sourcecode.swift; path = CouncilMemberCell.swift; sourceTree = "<group>"; };
		AE92DC9225F6B21200326E89 /* CouncilMemberViewController.swift */ = {isa = PBXFileReference; lastKnownFileType = sourcecode.swift; path = CouncilMemberViewController.swift; sourceTree = "<group>"; };
/* End PBXFileReference section */

/* Begin PBXFrameworksBuildPhase section */
		AE69C34425F6A25F00C60CA9 /* Frameworks */ = {
			isa = PBXFrameworksBuildPhase;
			buildActionMask = 2147483647;
			files = (
			);
			runOnlyForDeploymentPostprocessing = 0;
		};
/* End PBXFrameworksBuildPhase section */

/* Begin PBXGroup section */
		AE69C33E25F6A25F00C60CA9 = {
			isa = PBXGroup;
			children = (
				AE69C34925F6A25F00C60CA9 /* Jedi Council */,
				AE69C34825F6A25F00C60CA9 /* Products */,
			);
			sourceTree = "<group>";
		};
		AE69C34825F6A25F00C60CA9 /* Products */ = {
			isa = PBXGroup;
			children = (
				AE69C34725F6A25F00C60CA9 /* Jedi Council.app */,
			);
			name = Products;
			sourceTree = "<group>";
		};
		AE69C34925F6A25F00C60CA9 /* Jedi Council */ = {
			isa = PBXGroup;
			children = (
				AE69C37D25F6A90600C60CA9 /* Service */,
				AE69C37225F6A66900C60CA9 /* Model */,
				AE69C36A25F6A47200C60CA9 /* Presentation */,
				AE69C34A25F6A25F00C60CA9 /* AppDelegate.swift */,
				AE69C34C25F6A25F00C60CA9 /* SceneDelegate.swift */,
				AE69C35025F6A25F00C60CA9 /* Main.storyboard */,
				AE69C35325F6A26000C60CA9 /* Assets.xcassets */,
				AE69C35525F6A26000C60CA9 /* LaunchScreen.storyboard */,
				AE69C35825F6A26000C60CA9 /* Info.plist */,
			);
			path = "Jedi Council";
			sourceTree = "<group>";
		};
		AE69C35F25F6A26900C60CA9 /* CouncilList */ = {
			isa = PBXGroup;
			children = (
				AE69C36F25F6A5F700C60CA9 /* CouncilListViewController.swift */,
				AE92DC8F25F6AC4600326E89 /* CouncilMemberCell.swift */,
			);
			path = CouncilList;
			sourceTree = "<group>";
		};
		AE69C36A25F6A47200C60CA9 /* Presentation */ = {
			isa = PBXGroup;
			children = (
				AE69C36725F6A30400C60CA9 /* CouncilFlowCoordinator.swift */,
				AE69C36D25F6A4D700C60CA9 /* CouncilMember */,
				AE69C35F25F6A26900C60CA9 /* CouncilList */,
			);
			path = Presentation;
			sourceTree = "<group>";
		};
		AE69C36D25F6A4D700C60CA9 /* CouncilMember */ = {
			isa = PBXGroup;
			children = (
				AE92DC9225F6B21200326E89 /* CouncilMemberViewController.swift */,
			);
			path = CouncilMember;
			sourceTree = "<group>";
		};
		AE69C37225F6A66900C60CA9 /* Model */ = {
			isa = PBXGroup;
			children = (
				AE69C37725F6A69500C60CA9 /* CouncilMember.swift */,
				AE69C37A25F6A8B600C60CA9 /* CouncilMemberDetails.swift */,
			);
			path = Model;
			sourceTree = "<group>";
		};
		AE69C37D25F6A90600C60CA9 /* Service */ = {
			isa = PBXGroup;
			children = (
				AE69C37425F6A68D00C60CA9 /* CouncilService.swift */,
				AE69C37E25F6A97300C60CA9 /* MockCouncilService.swift */,
			);
			path = Service;
			sourceTree = "<group>";
		};
/* End PBXGroup section */

/* Begin PBXNativeTarget section */
		AE69C34625F6A25F00C60CA9 /* Jedi Council */ = {
			isa = PBXNativeTarget;
			buildConfigurationList = AE69C35B25F6A26000C60CA9 /* Build configuration list for PBXNativeTarget "Jedi Council" */;
			buildPhases = (
				AE69C34325F6A25F00C60CA9 /* Sources */,
				AE69C34425F6A25F00C60CA9 /* Frameworks */,
				AE69C34525F6A25F00C60CA9 /* Resources */,
			);
			buildRules = (
			);
			dependencies = (
			);
			name = "Jedi Council";
			productName = "Jedi Council";
			productReference = AE69C34725F6A25F00C60CA9 /* Jedi Council.app */;
			productType = "com.apple.product-type.application";
		};
/* End PBXNativeTarget section */

/* Begin PBXProject section */
		AE69C33F25F6A25F00C60CA9 /* Project object */ = {
			isa = PBXProject;
			attributes = {
				LastSwiftUpdateCheck = 1240;
				LastUpgradeCheck = 1240;
				TargetAttributes = {
					AE69C34625F6A25F00C60CA9 = {
						CreatedOnToolsVersion = 12.4;
					};
				};
			};
			buildConfigurationList = AE69C34225F6A25F00C60CA9 /* Build configuration list for PBXProject "Jedi Council" */;
			compatibilityVersion = "Xcode 9.3";
			developmentRegion = en;
			hasScannedForEncodings = 0;
			knownRegions = (
				en,
				Base,
			);
			mainGroup = AE69C33E25F6A25F00C60CA9;
			productRefGroup = AE69C34825F6A25F00C60CA9 /* Products */;
			projectDirPath = "";
			projectRoot = "";
			targets = (
				AE69C34625F6A25F00C60CA9 /* Jedi Council */,
			);
		};
/* End PBXProject section */

/* Begin PBXResourcesBuildPhase section */
		AE69C34525F6A25F00C60CA9 /* Resources */ = {
			isa = PBXResourcesBuildPhase;
			buildActionMask = 2147483647;
			files = (
				AE69C35725F6A26000C60CA9 /* LaunchScreen.storyboard in Resources */,
				AE69C35425F6A26000C60CA9 /* Assets.xcassets in Resources */,
				AE69C35225F6A25F00C60CA9 /* Main.storyboard in Resources */,
			);
			runOnlyForDeploymentPostprocessing = 0;
		};
/* End PBXResourcesBuildPhase section */

/* Begin PBXSourcesBuildPhase section */
		AE69C34325F6A25F00C60CA9 /* Sources */ = {
			isa = PBXSourcesBuildPhase;
			buildActionMask = 2147483647;
			files = (
				AE69C37525F6A68D00C60CA9 /* CouncilService.swift in Sources */,
				AE69C34B25F6A25F00C60CA9 /* AppDelegate.swift in Sources */,
				AE69C34D25F6A25F00C60CA9 /* SceneDelegate.swift in Sources */,
				AE69C37F25F6A97300C60CA9 /* MockCouncilService.swift in Sources */,
				AE92DC9325F6B21200326E89 /* CouncilMemberViewController.swift in Sources */,
				AE92DC9025F6AC4600326E89 /* CouncilMemberCell.swift in Sources */,
				AE69C37825F6A69500C60CA9 /* CouncilMember.swift in Sources */,
				AE69C37025F6A5F700C60CA9 /* CouncilListViewController.swift in Sources */,
				AE69C36825F6A30400C60CA9 /* CouncilFlowCoordinator.swift in Sources */,
				AE69C37B25F6A8B600C60CA9 /* CouncilMemberDetails.swift in Sources */,
			);
			runOnlyForDeploymentPostprocessing = 0;
		};
/* End PBXSourcesBuildPhase section */

/* Begin PBXVariantGroup section */
		AE69C35025F6A25F00C60CA9 /* Main.storyboard */ = {
			isa = PBXVariantGroup;
			children = (
				AE69C35125F6A25F00C60CA9 /* Base */,
			);
			name = Main.storyboard;
			sourceTree = "<group>";
		};
		AE69C35525F6A26000C60CA9 /* LaunchScreen.storyboard */ = {
			isa = PBXVariantGroup;
			children = (
				AE69C35625F6A26000C60CA9 /* Base */,
			);
			name = LaunchScreen.storyboard;
			sourceTree = "<group>";
		};
/* End PBXVariantGroup section */

/* Begin XCBuildConfiguration section */
		AE69C35925F6A26000C60CA9 /* Debug */ = {
			isa = XCBuildConfiguration;
			buildSettings = {
				ALWAYS_SEARCH_USER_PATHS = NO;
				CLANG_ANALYZER_NONNULL = YES;
				CLANG_ANALYZER_NUMBER_OBJECT_CONVERSION = YES_AGGRESSIVE;
				CLANG_CXX_LANGUAGE_STANDARD = "gnu++14";
				CLANG_CXX_LIBRARY = "libc++";
				CLANG_ENABLE_MODULES = YES;
				CLANG_ENABLE_OBJC_ARC = YES;
				CLANG_ENABLE_OBJC_WEAK = YES;
				CLANG_WARN_BLOCK_CAPTURE_AUTORELEASING = YES;
				CLANG_WARN_BOOL_CONVERSION = YES;
				CLANG_WARN_COMMA = YES;
				CLANG_WARN_CONSTANT_CONVERSION = YES;
				CLANG_WARN_DEPRECATED_OBJC_IMPLEMENTATIONS = YES;
				CLANG_WARN_DIRECT_OBJC_ISA_USAGE = YES_ERROR;
				CLANG_WARN_DOCUMENTATION_COMMENTS = YES;
				CLANG_WARN_EMPTY_BODY = YES;
				CLANG_WARN_ENUM_CONVERSION = YES;
				CLANG_WARN_INFINITE_RECURSION = YES;
				CLANG_WARN_INT_CONVERSION = YES;
				CLANG_WARN_NON_LITERAL_NULL_CONVERSION = YES;
				CLANG_WARN_OBJC_IMPLICIT_RETAIN_SELF = YES;
				CLANG_WARN_OBJC_LITERAL_CONVERSION = YES;
				CLANG_WARN_OBJC_ROOT_CLASS = YES_ERROR;
				CLANG_WARN_QUOTED_INCLUDE_IN_FRAMEWORK_HEADER = YES;
				CLANG_WARN_RANGE_LOOP_ANALYSIS = YES;
				CLANG_WARN_STRICT_PROTOTYPES = YES;
				CLANG_WARN_SUSPICIOUS_MOVE = YES;
				CLANG_WARN_UNGUARDED_AVAILABILITY = YES_AGGRESSIVE;
				CLANG_WARN_UNREACHABLE_CODE = YES;
				CLANG_WARN__DUPLICATE_METHOD_MATCH = YES;
				COPY_PHASE_STRIP = NO;
				DEBUG_INFORMATION_FORMAT = dwarf;
				ENABLE_STRICT_OBJC_MSGSEND = YES;
				ENABLE_TESTABILITY = YES;
				GCC_C_LANGUAGE_STANDARD = gnu11;
				GCC_DYNAMIC_NO_PIC = NO;
				GCC_NO_COMMON_BLOCKS = YES;
				GCC_OPTIMIZATION_LEVEL = 0;
				GCC_PREPROCESSOR_DEFINITIONS = (
					"DEBUG=1",
					"$(inherited)",
				);
				GCC_WARN_64_TO_32_BIT_CONVERSION = YES;
				GCC_WARN_ABOUT_RETURN_TYPE = YES_ERROR;
				GCC_WARN_UNDECLARED_SELECTOR = YES;
				GCC_WARN_UNINITIALIZED_AUTOS = YES_AGGRESSIVE;
				GCC_WARN_UNUSED_FUNCTION = YES;
				GCC_WARN_UNUSED_VARIABLE = YES;
				IPHONEOS_DEPLOYMENT_TARGET = 14.4;
				MTL_ENABLE_DEBUG_INFO = INCLUDE_SOURCE;
				MTL_FAST_MATH = YES;
				ONLY_ACTIVE_ARCH = YES;
				SDKROOT = iphoneos;
				SWIFT_ACTIVE_COMPILATION_CONDITIONS = DEBUG;
				SWIFT_OPTIMIZATION_LEVEL = "-Onone";
			};
			name = Debug;
		};
		AE69C35A25F6A26000C60CA9 /* Release */ = {
			isa = XCBuildConfiguration;
			buildSettings = {
				ALWAYS_SEARCH_USER_PATHS = NO;
				CLANG_ANALYZER_NONNULL = YES;
				CLANG_ANALYZER_NUMBER_OBJECT_CONVERSION = YES_AGGRESSIVE;
				CLANG_CXX_LANGUAGE_STANDARD = "gnu++14";
				CLANG_CXX_LIBRARY = "libc++";
				CLANG_ENABLE_MODULES = YES;
				CLANG_ENABLE_OBJC_ARC = YES;
				CLANG_ENABLE_OBJC_WEAK = YES;
				CLANG_WARN_BLOCK_CAPTURE_AUTORELEASING = YES;
				CLANG_WARN_BOOL_CONVERSION = YES;
				CLANG_WARN_COMMA = YES;
				CLANG_WARN_CONSTANT_CONVERSION = YES;
				CLANG_WARN_DEPRECATED_OBJC_IMPLEMENTATIONS = YES;
				CLANG_WARN_DIRECT_OBJC_ISA_USAGE = YES_ERROR;
				CLANG_WARN_DOCUMENTATION_COMMENTS = YES;
				CLANG_WARN_EMPTY_BODY = YES;
				CLANG_WARN_ENUM_CONVERSION = YES;
				CLANG_WARN_INFINITE_RECURSION = YES;
				CLANG_WARN_INT_CONVERSION = YES;
				CLANG_WARN_NON_LITERAL_NULL_CONVERSION = YES;
				CLANG_WARN_OBJC_IMPLICIT_RETAIN_SELF = YES;
				CLANG_WARN_OBJC_LITERAL_CONVERSION = YES;
				CLANG_WARN_OBJC_ROOT_CLASS = YES_ERROR;
				CLANG_WARN_QUOTED_INCLUDE_IN_FRAMEWORK_HEADER = YES;
				CLANG_WARN_RANGE_LOOP_ANALYSIS = YES;
				CLANG_WARN_STRICT_PROTOTYPES = YES;
				CLANG_WARN_SUSPICIOUS_MOVE = YES;
				CLANG_WARN_UNGUARDED_AVAILABILITY = YES_AGGRESSIVE;
				CLANG_WARN_UNREACHABLE_CODE = YES;
				CLANG_WARN__DUPLICATE_METHOD_MATCH = YES;
				COPY_PHASE_STRIP = NO;
				DEBUG_INFORMATION_FORMAT = "dwarf-with-dsym";
				ENABLE_NS_ASSERTIONS = NO;
				ENABLE_STRICT_OBJC_MSGSEND = YES;
				GCC_C_LANGUAGE_STANDARD = gnu11;
				GCC_NO_COMMON_BLOCKS = YES;
				GCC_WARN_64_TO_32_BIT_CONVERSION = YES;
				GCC_WARN_ABOUT_RETURN_TYPE = YES_ERROR;
				GCC_WARN_UNDECLARED_SELECTOR = YES;
				GCC_WARN_UNINITIALIZED_AUTOS = YES_AGGRESSIVE;
				GCC_WARN_UNUSED_FUNCTION = YES;
				GCC_WARN_UNUSED_VARIABLE = YES;
				IPHONEOS_DEPLOYMENT_TARGET = 14.4;
				MTL_ENABLE_DEBUG_INFO = NO;
				MTL_FAST_MATH = YES;
				SDKROOT = iphoneos;
				SWIFT_COMPILATION_MODE = wholemodule;
				SWIFT_OPTIMIZATION_LEVEL = "-O";
				VALIDATE_PRODUCT = YES;
			};
			name = Release;
		};
		AE69C35C25F6A26000C60CA9 /* Debug */ = {
			isa = XCBuildConfiguration;
			buildSettings = {
				ASSETCATALOG_COMPILER_APPICON_NAME = AppIcon;
				ASSETCATALOG_COMPILER_GLOBAL_ACCENT_COLOR_NAME = AccentColor;
				CODE_SIGN_STYLE = Automatic;
				DEVELOPMENT_TEAM = J62PVJ69GK;
				INFOPLIST_FILE = "Jedi Council/Info.plist";
				LD_RUNPATH_SEARCH_PATHS = (
					"$(inherited)",
					"@executable_path/Frameworks",
				);
				PRODUCT_BUNDLE_IDENTIFIER = "amirzigangaraev.Jedi-Council";
				PRODUCT_NAME = "$(TARGET_NAME)";
				SWIFT_VERSION = 5.0;
				TARGETED_DEVICE_FAMILY = "1,2";
			};
			name = Debug;
		};
		AE69C35D25F6A26000C60CA9 /* Release */ = {
			isa = XCBuildConfiguration;
			buildSettings = {
				ASSETCATALOG_COMPILER_APPICON_NAME = AppIcon;
				ASSETCATALOG_COMPILER_GLOBAL_ACCENT_COLOR_NAME = AccentColor;
				CODE_SIGN_STYLE = Automatic;
				DEVELOPMENT_TEAM = J62PVJ69GK;
				INFOPLIST_FILE = "Jedi Council/Info.plist";
				LD_RUNPATH_SEARCH_PATHS = (
					"$(inherited)",
					"@executable_path/Frameworks",
				);
				PRODUCT_BUNDLE_IDENTIFIER = "amirzigangaraev.Jedi-Council";
				PRODUCT_NAME = "$(TARGET_NAME)";
				SWIFT_VERSION = 5.0;
				TARGETED_DEVICE_FAMILY = "1,2";
			};
			name = Release;
		};
/* End XCBuildConfiguration section */

/* Begin XCConfigurationList section */
		AE69C34225F6A25F00C60CA9 /* Build configuration list for PBXProject "Jedi Council" */ = {
			isa = XCConfigurationList;
			buildConfigurations = (
				AE69C35925F6A26000C60CA9 /* Debug */,
				AE69C35A25F6A26000C60CA9 /* Release */,
			);
			defaultConfigurationIsVisible = 0;
			defaultConfigurationName = Release;
		};
		AE69C35B25F6A26000C60CA9 /* Build configuration list for PBXNativeTarget "Jedi Council" */ = {
			isa = XCConfigurationList;
			buildConfigurations = (
				AE69C35C25F6A26000C60CA9 /* Debug */,
				AE69C35D25F6A26000C60CA9 /* Release */,
			);
			defaultConfigurationIsVisible = 0;
			defaultConfigurationName = Release;
		};
/* End XCConfigurationList section */
	};
	rootObject = AE69C33F25F6A25F00C60CA9 /* Project object */;
}
